
Microsoft Visual Studio Solution File, Format Version 12.00
# Visual Studio Version 17
VisualStudioVersion = 17.4.33213.308
MinimumVisualStudioVersion = 10.0.40219.1
Project("{FAE04EC0-301F-11D3-BF4B-00C04F79EFBC}") = "Problem_1", "Problem_1\Problem_1.csproj", "{11DA7E23-B65C-470B-A91B-F70E76A0CA8B}"
EndProject
Project("{FAE04EC0-301F-11D3-BF4B-00C04F79EFBC}") = "Problem_2", "Problem_2\Problem_2.csproj", "{63FDBC5F-48F3-4E08-81A3-236283297EEF}"
EndProject
Global
	GlobalSection(SolutionConfigurationPlatforms) = preSolution
		Debug|Any CPU = Debug|Any CPU
		Release|Any CPU = Release|Any CPU
	EndGlobalSection
	GlobalSection(ProjectConfigurationPlatforms) = postSolution
		{11DA7E23-B65C-470B-A91B-F70E76A0CA8B}.Debug|Any CPU.ActiveCfg = Debug|Any CPU
		{11DA7E23-B65C-470B-A91B-F70E76A0CA8B}.Debug|Any CPU.Build.0 = Debug|Any CPU
		{11DA7E23-B65C-470B-A91B-F70E76A0CA8B}.Release|Any CPU.ActiveCfg = Release|Any CPU
		{11DA7E23-B65C-470B-A91B-F70E76A0CA8B}.Release|Any CPU.Build.0 = Release|Any CPU
		{63FDBC5F-48F3-4E08-81A3-236283297EEF}.Debug|Any CPU.ActiveCfg = Debug|Any CPU
		{63FDBC5F-48F3-4E08-81A3-236283297EEF}.Debug|Any CPU.Build.0 = Debug|Any CPU
		{63FDBC5F-48F3-4E08-81A3-236283297EEF}.Release|Any CPU.ActiveCfg = Release|Any CPU
		{63FDBC5F-48F3-4E08-81A3-236283297EEF}.Release|Any CPU.Build.0 = Release|Any CPU
	EndGlobalSection
	GlobalSection(SolutionProperties) = preSolution
		HideSolutionNode = FALSE
	EndGlobalSection
	GlobalSection(ExtensibilityGlobals) = postSolution
		SolutionGuid = {DDA78DE4-69C6-4957-9FF4-C90CA74009CB}
	EndGlobalSection
EndGlobal
